// !$*UTF8*$!
{
	archiveVersion = 1;
	classes = {
	};
	objectVersion = 56;
	objects = {

/* Begin PBXBuildFile section */
		BB5D18B02A951FB500E63282 /* ApartmentCell.swift in Sources */ = {isa = PBXBuildFile; fileRef = BB5D18AE2A951FB500E63282 /* ApartmentCell.swift */; };
		BB5D18B12A951FB500E63282 /* ApartmentCell.xib in Resources */ = {isa = PBXBuildFile; fileRef = BB5D18AF2A951FB500E63282 /* ApartmentCell.xib */; };
		BB68C2412A9DF3ED00139F0A /* extra.swift in Sources */ = {isa = PBXBuildFile; fileRef = BB68C23F2A9DF3ED00139F0A /* extra.swift */; };
		BB68C2422A9DF3ED00139F0A /* extra.xib in Resources */ = {isa = PBXBuildFile; fileRef = BB68C2402A9DF3ED00139F0A /* extra.xib */; };
		BB6F0D082A99020900969647 /* SectionHeaderView.swift in Sources */ = {isa = PBXBuildFile; fileRef = BB6F0D072A99020900969647 /* SectionHeaderView.swift */; };
		BB6F0D122A990BC800969647 /* SectionHeaderView.xib in Resources */ = {isa = PBXBuildFile; fileRef = BB6F0D112A990BC800969647 /* SectionHeaderView.xib */; };
		BB7893B72A9476AA006DF7BD /* FormModel.swift in Sources */ = {isa = PBXBuildFile; fileRef = BB7893B62A9476AA006DF7BD /* FormModel.swift */; };
		BB7893BB2A947C51006DF7BD /* item_data.json in Resources */ = {isa = PBXBuildFile; fileRef = BB7893BA2A947C51006DF7BD /* item_data.json */; };
		BB7893BD2A9483A0006DF7BD /* MakeYourOwnPackageVC.swift in Sources */ = {isa = PBXBuildFile; fileRef = BB7893BC2A9483A0006DF7BD /* MakeYourOwnPackageVC.swift */; };
		BBA30D222A93972D0071BBAB /* AppDelegate.swift in Sources */ = {isa = PBXBuildFile; fileRef = BBA30D212A93972D0071BBAB /* AppDelegate.swift */; };
		BBA30D242A93972D0071BBAB /* SceneDelegate.swift in Sources */ = {isa = PBXBuildFile; fileRef = BBA30D232A93972D0071BBAB /* SceneDelegate.swift */; };
		BBA30D262A93972D0071BBAB /* ViewController.swift in Sources */ = {isa = PBXBuildFile; fileRef = BBA30D252A93972D0071BBAB /* ViewController.swift */; };
		BBA30D292A93972D0071BBAB /* Main.storyboard in Resources */ = {isa = PBXBuildFile; fileRef = BBA30D272A93972D0071BBAB /* Main.storyboard */; };
		BBA30D2B2A93972E0071BBAB /* Assets.xcassets in Resources */ = {isa = PBXBuildFile; fileRef = BBA30D2A2A93972E0071BBAB /* Assets.xcassets */; };
		BBA30D2E2A93972E0071BBAB /* LaunchScreen.storyboard in Resources */ = {isa = PBXBuildFile; fileRef = BBA30D2C2A93972E0071BBAB /* LaunchScreen.storyboard */; };
		BBE2472C2A99BBD8003814F4 /* CheckBoxCell.swift in Sources */ = {isa = PBXBuildFile; fileRef = BBE2472B2A99BBD7003814F4 /* CheckBoxCell.swift */; };
		BBE2472D2A99C5B8003814F4 /* CheckBoxCell.xib in Resources */ = {isa = PBXBuildFile; fileRef = BBE2472A2A99BBD7003814F4 /* CheckBoxCell.xib */; };
		BBE247322A99DA4C003814F4 /* ViewModel.swift in Sources */ = {isa = PBXBuildFile; fileRef = BBE247312A99DA4C003814F4 /* ViewModel.swift */; };
/* End PBXBuildFile section */

/* Begin PBXFileReference section */
		BB5D18AE2A951FB500E63282 /* ApartmentCell.swift */ = {isa = PBXFileReference; lastKnownFileType = sourcecode.swift; path = ApartmentCell.swift; sourceTree = "<group>"; };
		BB5D18AF2A951FB500E63282 /* ApartmentCell.xib */ = {isa = PBXFileReference; lastKnownFileType = file.xib; path = ApartmentCell.xib; sourceTree = "<group>"; };
		BB68C23F2A9DF3ED00139F0A /* extra.swift */ = {isa = PBXFileReference; lastKnownFileType = sourcecode.swift; path = extra.swift; sourceTree = "<group>"; };
		BB68C2402A9DF3ED00139F0A /* extra.xib */ = {isa = PBXFileReference; lastKnownFileType = file.xib; path = extra.xib; sourceTree = "<group>"; };
		BB6F0D072A99020900969647 /* SectionHeaderView.swift */ = {isa = PBXFileReference; lastKnownFileType = sourcecode.swift; path = SectionHeaderView.swift; sourceTree = "<group>"; };
		BB6F0D112A990BC800969647 /* SectionHeaderView.xib */ = {isa = PBXFileReference; lastKnownFileType = file.xib; path = SectionHeaderView.xib; sourceTree = "<group>"; };
		BB7893B62A9476AA006DF7BD /* FormModel.swift */ = {isa = PBXFileReference; lastKnownFileType = sourcecode.swift; path = FormModel.swift; sourceTree = "<group>"; };
		BB7893BA2A947C51006DF7BD /* item_data.json */ = {isa = PBXFileReference; fileEncoding = 4; lastKnownFileType = text.json; path = item_data.json; sourceTree = "<group>"; };
		BB7893BC2A9483A0006DF7BD /* MakeYourOwnPackageVC.swift */ = {isa = PBXFileReference; lastKnownFileType = sourcecode.swift; path = MakeYourOwnPackageVC.swift; sourceTree = "<group>"; };
		BBA30D1E2A93972D0071BBAB /* TablePackageDemo.app */ = {isa = PBXFileReference; explicitFileType = wrapper.application; includeInIndex = 0; path = TablePackageDemo.app; sourceTree = BUILT_PRODUCTS_DIR; };
		BBA30D212A93972D0071BBAB /* AppDelegate.swift */ = {isa = PBXFileReference; lastKnownFileType = sourcecode.swift; path = AppDelegate.swift; sourceTree = "<group>"; };
		BBA30D232A93972D0071BBAB /* SceneDelegate.swift */ = {isa = PBXFileReference; lastKnownFileType = sourcecode.swift; path = SceneDelegate.swift; sourceTree = "<group>"; };
		BBA30D252A93972D0071BBAB /* ViewController.swift */ = {isa = PBXFileReference; lastKnownFileType = sourcecode.swift; path = ViewController.swift; sourceTree = "<group>"; };
		BBA30D282A93972D0071BBAB /* Base */ = {isa = PBXFileReference; lastKnownFileType = file.storyboard; name = Base; path = Base.lproj/Main.storyboard; sourceTree = "<group>"; };
		BBA30D2A2A93972E0071BBAB /* Assets.xcassets */ = {isa = PBXFileReference; lastKnownFileType = folder.assetcatalog; path = Assets.xcassets; sourceTree = "<group>"; };
		BBA30D2D2A93972E0071BBAB /* Base */ = {isa = PBXFileReference; lastKnownFileType = file.storyboard; name = Base; path = Base.lproj/LaunchScreen.storyboard; sourceTree = "<group>"; };
		BBA30D2F2A93972E0071BBAB /* Info.plist */ = {isa = PBXFileReference; lastKnownFileType = text.plist.xml; path = Info.plist; sourceTree = "<group>"; };
		BBE2472A2A99BBD7003814F4 /* CheckBoxCell.xib */ = {isa = PBXFileReference; lastKnownFileType = file.xib; path = CheckBoxCell.xib; sourceTree = "<group>"; };
		BBE2472B2A99BBD7003814F4 /* CheckBoxCell.swift */ = {isa = PBXFileReference; lastKnownFileType = sourcecode.swift; path = CheckBoxCell.swift; sourceTree = "<group>"; };
		BBE247312A99DA4C003814F4 /* ViewModel.swift */ = {isa = PBXFileReference; lastKnownFileType = sourcecode.swift; path = ViewModel.swift; sourceTree = "<group>"; };
/* End PBXFileReference section */

/* Begin PBXFrameworksBuildPhase section */
		BBA30D1B2A93972D0071BBAB /* Frameworks */ = {
			isa = PBXFrameworksBuildPhase;
			buildActionMask = 2147483647;
			files = (
			);
			runOnlyForDeploymentPostprocessing = 0;
		};
/* End PBXFrameworksBuildPhase section */

/* Begin PBXGroup section */
		BB6F0D062A9901D600969647 /* Header */ = {
			isa = PBXGroup;
			children = (
				BB68C23F2A9DF3ED00139F0A /* extra.swift */,
				BB68C2402A9DF3ED00139F0A /* extra.xib */,
				BB6F0D072A99020900969647 /* SectionHeaderView.swift */,
				BB6F0D112A990BC800969647 /* SectionHeaderView.xib */,
			);
			path = Header;
			sourceTree = "<group>";
		};
		BBA30D152A93972D0071BBAB = {
			isa = PBXGroup;
			children = (
				BBA30D202A93972D0071BBAB /* TablePackageDemo */,
				BBA30D1F2A93972D0071BBAB /* Products */,
			);
			sourceTree = "<group>";
		};
		BBA30D1F2A93972D0071BBAB /* Products */ = {
			isa = PBXGroup;
			children = (
				BBA30D1E2A93972D0071BBAB /* TablePackageDemo.app */,
			);
			name = Products;
			sourceTree = "<group>";
		};
		BBA30D202A93972D0071BBAB /* TablePackageDemo */ = {
			isa = PBXGroup;
			children = (
				BBE247302A99DA0E003814F4 /* Model */,
				BBE2472F2A99D9E0003814F4 /* Controllers */,
				BBE2472E2A99D9D3003814F4 /* Cells */,
				BB6F0D062A9901D600969647 /* Header */,
				BBA30D212A93972D0071BBAB /* AppDelegate.swift */,
				BBA30D232A93972D0071BBAB /* SceneDelegate.swift */,
				BB7893BA2A947C51006DF7BD /* item_data.json */,
				BBA30D272A93972D0071BBAB /* Main.storyboard */,
				BBA30D2A2A93972E0071BBAB /* Assets.xcassets */,
				BBA30D2C2A93972E0071BBAB /* LaunchScreen.storyboard */,
				BBA30D2F2A93972E0071BBAB /* Info.plist */,
			);
			path = TablePackageDemo;
			sourceTree = "<group>";
		};
		BBE2472E2A99D9D3003814F4 /* Cells */ = {
			isa = PBXGroup;
			children = (
				BB5D18AE2A951FB500E63282 /* ApartmentCell.swift */,
				BB5D18AF2A951FB500E63282 /* ApartmentCell.xib */,
				BBE2472B2A99BBD7003814F4 /* CheckBoxCell.swift */,
				BBE2472A2A99BBD7003814F4 /* CheckBoxCell.xib */,
			);
			path = Cells;
			sourceTree = "<group>";
		};
		BBE2472F2A99D9E0003814F4 /* Controllers */ = {
			isa = PBXGroup;
			children = (
				BB7893BC2A9483A0006DF7BD /* MakeYourOwnPackageVC.swift */,
				BBE247312A99DA4C003814F4 /* ViewModel.swift */,
				BBA30D252A93972D0071BBAB /* ViewController.swift */,
			);
			path = Controllers;
			sourceTree = "<group>";
		};
		BBE247302A99DA0E003814F4 /* Model */ = {
			isa = PBXGroup;
			children = (
				BB7893B62A9476AA006DF7BD /* FormModel.swift */,
			);
			path = Model;
			sourceTree = "<group>";
		};
/* End PBXGroup section */

/* Begin PBXNativeTarget section */
		BBA30D1D2A93972D0071BBAB /* TablePackageDemo */ = {
			isa = PBXNativeTarget;
			buildConfigurationList = BBA30D322A93972E0071BBAB /* Build configuration list for PBXNativeTarget "TablePackageDemo" */;
			buildPhases = (
				BBA30D1A2A93972D0071BBAB /* Sources */,
				BBA30D1B2A93972D0071BBAB /* Frameworks */,
				BBA30D1C2A93972D0071BBAB /* Resources */,
			);
			buildRules = (
			);
			dependencies = (
			);
			name = TablePackageDemo;
			productName = TablePackageDemo;
			productReference = BBA30D1E2A93972D0071BBAB /* TablePackageDemo.app */;
			productType = "com.apple.product-type.application";
		};
/* End PBXNativeTarget section */

/* Begin PBXProject section */
		BBA30D162A93972D0071BBAB /* Project object */ = {
			isa = PBXProject;
			attributes = {
				BuildIndependentTargetsInParallel = 1;
				LastSwiftUpdateCheck = 1410;
				LastUpgradeCheck = 1410;
				TargetAttributes = {
					BBA30D1D2A93972D0071BBAB = {
						CreatedOnToolsVersion = 14.1;
					};
				};
			};
			buildConfigurationList = BBA30D192A93972D0071BBAB /* Build configuration list for PBXProject "TablePackageDemo" */;
			compatibilityVersion = "Xcode 14.0";
			developmentRegion = en;
			hasScannedForEncodings = 0;
			knownRegions = (
				en,
				Base,
			);
			mainGroup = BBA30D152A93972D0071BBAB;
			productRefGroup = BBA30D1F2A93972D0071BBAB /* Products */;
			projectDirPath = "";
			projectRoot = "";
			targets = (
				BBA30D1D2A93972D0071BBAB /* TablePackageDemo */,
			);
		};
/* End PBXProject section */

/* Begin PBXResourcesBuildPhase section */
		BBA30D1C2A93972D0071BBAB /* Resources */ = {
			isa = PBXResourcesBuildPhase;
			buildActionMask = 2147483647;
			files = (
				BBA30D2E2A93972E0071BBAB /* LaunchScreen.storyboard in Resources */,
				BBA30D2B2A93972E0071BBAB /* Assets.xcassets in Resources */,
				BB7893BB2A947C51006DF7BD /* item_data.json in Resources */,
				BBE2472D2A99C5B8003814F4 /* CheckBoxCell.xib in Resources */,
				BBA30D292A93972D0071BBAB /* Main.storyboard in Resources */,
				BB5D18B12A951FB500E63282 /* ApartmentCell.xib in Resources */,
				BB68C2422A9DF3ED00139F0A /* extra.xib in Resources */,
				BB6F0D122A990BC800969647 /* SectionHeaderView.xib in Resources */,
			);
			runOnlyForDeploymentPostprocessing = 0;
		};
/* End PBXResourcesBuildPhase section */

/* Begin PBXSourcesBuildPhase section */
		BBA30D1A2A93972D0071BBAB /* Sources */ = {
			isa = PBXSourcesBuildPhase;
			buildActionMask = 2147483647;
			files = (
				BB6F0D082A99020900969647 /* SectionHeaderView.swift in Sources */,
				BBE247322A99DA4C003814F4 /* ViewModel.swift in Sources */,
				BBE2472C2A99BBD8003814F4 /* CheckBoxCell.swift in Sources */,
				BB5D18B02A951FB500E63282 /* ApartmentCell.swift in Sources */,
				BBA30D262A93972D0071BBAB /* ViewController.swift in Sources */,
				BB7893BD2A9483A0006DF7BD /* MakeYourOwnPackageVC.swift in Sources */,
				BB68C2412A9DF3ED00139F0A /* extra.swift in Sources */,
				BBA30D222A93972D0071BBAB /* AppDelegate.swift in Sources */,
				BBA30D242A93972D0071BBAB /* SceneDelegate.swift in Sources */,
				BB7893B72A9476AA006DF7BD /* FormModel.swift in Sources */,
			);
			runOnlyForDeploymentPostprocessing = 0;
		};
/* End PBXSourcesBuildPhase section */

/* Begin PBXVariantGroup section */
		BBA30D272A93972D0071BBAB /* Main.storyboard */ = {
			isa = PBXVariantGroup;
			children = (
				BBA30D282A93972D0071BBAB /* Base */,
			);
			name = Main.storyboard;
			sourceTree = "<group>";
		};
		BBA30D2C2A93972E0071BBAB /* LaunchScreen.storyboard */ = {
			isa = PBXVariantGroup;
			children = (
				BBA30D2D2A93972E0071BBAB /* Base */,
			);
			name = LaunchScreen.storyboard;
			sourceTree = "<group>";
		};
/* End PBXVariantGroup section */

/* Begin XCBuildConfiguration section */
		BBA30D302A93972E0071BBAB /* Debug */ = {
			isa = XCBuildConfiguration;
			buildSettings = {
				ALWAYS_SEARCH_USER_PATHS = NO;
				CLANG_ANALYZER_NONNULL = YES;
				CLANG_ANALYZER_NUMBER_OBJECT_CONVERSION = YES_AGGRESSIVE;
				CLANG_CXX_LANGUAGE_STANDARD = "gnu++20";
				CLANG_ENABLE_MODULES = YES;
				CLANG_ENABLE_OBJC_ARC = YES;
				CLANG_ENABLE_OBJC_WEAK = YES;
				CLANG_WARN_BLOCK_CAPTURE_AUTORELEASING = YES;
				CLANG_WARN_BOOL_CONVERSION = YES;
				CLANG_WARN_COMMA = YES;
				CLANG_WARN_CONSTANT_CONVERSION = YES;
				CLANG_WARN_DEPRECATED_OBJC_IMPLEMENTATIONS = YES;
				CLANG_WARN_DIRECT_OBJC_ISA_USAGE = YES_ERROR;
				CLANG_WARN_DOCUMENTATION_COMMENTS = YES;
				CLANG_WARN_EMPTY_BODY = YES;
				CLANG_WARN_ENUM_CONVERSION = YES;
				CLANG_WARN_INFINITE_RECURSION = YES;
				CLANG_WARN_INT_CONVERSION = YES;
				CLANG_WARN_NON_LITERAL_NULL_CONVERSION = YES;
				CLANG_WARN_OBJC_IMPLICIT_RETAIN_SELF = YES;
				CLANG_WARN_OBJC_LITERAL_CONVERSION = YES;
				CLANG_WARN_OBJC_ROOT_CLASS = YES_ERROR;
				CLANG_WARN_QUOTED_INCLUDE_IN_FRAMEWORK_HEADER = YES;
				CLANG_WARN_RANGE_LOOP_ANALYSIS = YES;
				CLANG_WARN_STRICT_PROTOTYPES = YES;
				CLANG_WARN_SUSPICIOUS_MOVE = YES;
				CLANG_WARN_UNGUARDED_AVAILABILITY = YES_AGGRESSIVE;
				CLANG_WARN_UNREACHABLE_CODE = YES;
				CLANG_WARN__DUPLICATE_METHOD_MATCH = YES;
				COPY_PHASE_STRIP = NO;
				DEBUG_INFORMATION_FORMAT = dwarf;
				ENABLE_STRICT_OBJC_MSGSEND = YES;
				ENABLE_TESTABILITY = YES;
				GCC_C_LANGUAGE_STANDARD = gnu11;
				GCC_DYNAMIC_NO_PIC = NO;
				GCC_NO_COMMON_BLOCKS = YES;
				GCC_OPTIMIZATION_LEVEL = 0;
				GCC_PREPROCESSOR_DEFINITIONS = (
					"DEBUG=1",
					"$(inherited)",
				);
				GCC_WARN_64_TO_32_BIT_CONVERSION = YES;
				GCC_WARN_ABOUT_RETURN_TYPE = YES_ERROR;
				GCC_WARN_UNDECLARED_SELECTOR = YES;
				GCC_WARN_UNINITIALIZED_AUTOS = YES_AGGRESSIVE;
				GCC_WARN_UNUSED_FUNCTION = YES;
				GCC_WARN_UNUSED_VARIABLE = YES;
				IPHONEOS_DEPLOYMENT_TARGET = 16.1;
				MTL_ENABLE_DEBUG_INFO = INCLUDE_SOURCE;
				MTL_FAST_MATH = YES;
				ONLY_ACTIVE_ARCH = YES;
				SDKROOT = iphoneos;
				SWIFT_ACTIVE_COMPILATION_CONDITIONS = DEBUG;
				SWIFT_OPTIMIZATION_LEVEL = "-Onone";
			};
			name = Debug;
		};
		BBA30D312A93972E0071BBAB /* Release */ = {
			isa = XCBuildConfiguration;
			buildSettings = {
				ALWAYS_SEARCH_USER_PATHS = NO;
				CLANG_ANALYZER_NONNULL = YES;
				CLANG_ANALYZER_NUMBER_OBJECT_CONVERSION = YES_AGGRESSIVE;
				CLANG_CXX_LANGUAGE_STANDARD = "gnu++20";
				CLANG_ENABLE_MODULES = YES;
				CLANG_ENABLE_OBJC_ARC = YES;
				CLANG_ENABLE_OBJC_WEAK = YES;
				CLANG_WARN_BLOCK_CAPTURE_AUTORELEASING = YES;
				CLANG_WARN_BOOL_CONVERSION = YES;
				CLANG_WARN_COMMA = YES;
				CLANG_WARN_CONSTANT_CONVERSION = YES;
				CLANG_WARN_DEPRECATED_OBJC_IMPLEMENTATIONS = YES;
				CLANG_WARN_DIRECT_OBJC_ISA_USAGE = YES_ERROR;
				CLANG_WARN_DOCUMENTATION_COMMENTS = YES;
				CLANG_WARN_EMPTY_BODY = YES;
				CLANG_WARN_ENUM_CONVERSION = YES;
				CLANG_WARN_INFINITE_RECURSION = YES;
				CLANG_WARN_INT_CONVERSION = YES;
				CLANG_WARN_NON_LITERAL_NULL_CONVERSION = YES;
				CLANG_WARN_OBJC_IMPLICIT_RETAIN_SELF = YES;
				CLANG_WARN_OBJC_LITERAL_CONVERSION = YES;
				CLANG_WARN_OBJC_ROOT_CLASS = YES_ERROR;
				CLANG_WARN_QUOTED_INCLUDE_IN_FRAMEWORK_HEADER = YES;
				CLANG_WARN_RANGE_LOOP_ANALYSIS = YES;
				CLANG_WARN_STRICT_PROTOTYPES = YES;
				CLANG_WARN_SUSPICIOUS_MOVE = YES;
				CLANG_WARN_UNGUARDED_AVAILABILITY = YES_AGGRESSIVE;
				CLANG_WARN_UNREACHABLE_CODE = YES;
				CLANG_WARN__DUPLICATE_METHOD_MATCH = YES;
				COPY_PHASE_STRIP = NO;
				DEBUG_INFORMATION_FORMAT = "dwarf-with-dsym";
				ENABLE_NS_ASSERTIONS = NO;
				ENABLE_STRICT_OBJC_MSGSEND = YES;
				GCC_C_LANGUAGE_STANDARD = gnu11;
				GCC_NO_COMMON_BLOCKS = YES;
				GCC_WARN_64_TO_32_BIT_CONVERSION = YES;
				GCC_WARN_ABOUT_RETURN_TYPE = YES_ERROR;
				GCC_WARN_UNDECLARED_SELECTOR = YES;
				GCC_WARN_UNINITIALIZED_AUTOS = YES_AGGRESSIVE;
				GCC_WARN_UNUSED_FUNCTION = YES;
				GCC_WARN_UNUSED_VARIABLE = YES;
				IPHONEOS_DEPLOYMENT_TARGET = 16.1;
				MTL_ENABLE_DEBUG_INFO = NO;
				MTL_FAST_MATH = YES;
				SDKROOT = iphoneos;
				SWIFT_COMPILATION_MODE = wholemodule;
				SWIFT_OPTIMIZATION_LEVEL = "-O";
				VALIDATE_PRODUCT = YES;
			};
			name = Release;
		};
		BBA30D332A93972E0071BBAB /* Debug */ = {
			isa = XCBuildConfiguration;
			buildSettings = {
				ASSETCATALOG_COMPILER_APPICON_NAME = AppIcon;
				ASSETCATALOG_COMPILER_GLOBAL_ACCENT_COLOR_NAME = AccentColor;
				CODE_SIGN_STYLE = Automatic;
				CURRENT_PROJECT_VERSION = 1;
				DEVELOPMENT_TEAM = 9NX6782826;
				GENERATE_INFOPLIST_FILE = YES;
				INFOPLIST_FILE = TablePackageDemo/Info.plist;
				INFOPLIST_KEY_UIApplicationSupportsIndirectInputEvents = YES;
				INFOPLIST_KEY_UILaunchStoryboardName = LaunchScreen;
				INFOPLIST_KEY_UIMainStoryboardFile = Main;
				INFOPLIST_KEY_UISupportedInterfaceOrientations_iPad = "UIInterfaceOrientationPortrait UIInterfaceOrientationPortraitUpsideDown UIInterfaceOrientationLandscapeLeft UIInterfaceOrientationLandscapeRight";
				INFOPLIST_KEY_UISupportedInterfaceOrientations_iPhone = "UIInterfaceOrientationPortrait UIInterfaceOrientationLandscapeLeft UIInterfaceOrientationLandscapeRight";
				LD_RUNPATH_SEARCH_PATHS = (
					"$(inherited)",
					"@executable_path/Frameworks",
				);
				MARKETING_VERSION = 1.0;
				PRODUCT_BUNDLE_IDENTIFIER = ankur.teksun.TablePackageDemo;
				PRODUCT_NAME = "$(TARGET_NAME)";
				SWIFT_EMIT_LOC_STRINGS = YES;
				SWIFT_VERSION = 5.0;
				TARGETED_DEVICE_FAMILY = "1,2";
			};
			name = Debug;
		};
		BBA30D342A93972E0071BBAB /* Release */ = {
			isa = XCBuildConfiguration;
			buildSettings = {
				ASSETCATALOG_COMPILER_APPICON_NAME = AppIcon;
				ASSETCATALOG_COMPILER_GLOBAL_ACCENT_COLOR_NAME = AccentColor;
				CODE_SIGN_STYLE = Automatic;
				CURRENT_PROJECT_VERSION = 1;
				DEVELOPMENT_TEAM = 9NX6782826;
				GENERATE_INFOPLIST_FILE = YES;
				INFOPLIST_FILE = TablePackageDemo/Info.plist;
				INFOPLIST_KEY_UIApplicationSupportsIndirectInputEvents = YES;
				INFOPLIST_KEY_UILaunchStoryboardName = LaunchScreen;
				INFOPLIST_KEY_UIMainStoryboardFile = Main;
				INFOPLIST_KEY_UISupportedInterfaceOrientations_iPad = "UIInterfaceOrientationPortrait UIInterfaceOrientationPortraitUpsideDown UIInterfaceOrientationLandscapeLeft UIInterfaceOrientationLandscapeRight";
				INFOPLIST_KEY_UISupportedInterfaceOrientations_iPhone = "UIInterfaceOrientationPortrait UIInterfaceOrientationLandscapeLeft UIInterfaceOrientationLandscapeRight";
				LD_RUNPATH_SEARCH_PATHS = (
					"$(inherited)",
					"@executable_path/Frameworks",
				);
				MARKETING_VERSION = 1.0;
				PRODUCT_BUNDLE_IDENTIFIER = ankur.teksun.TablePackageDemo;
				PRODUCT_NAME = "$(TARGET_NAME)";
				SWIFT_EMIT_LOC_STRINGS = YES;
				SWIFT_VERSION = 5.0;
				TARGETED_DEVICE_FAMILY = "1,2";
			};
			name = Release;
		};
/* End XCBuildConfiguration section */

/* Begin XCConfigurationList section */
		BBA30D192A93972D0071BBAB /* Build configuration list for PBXProject "TablePackageDemo" */ = {
			isa = XCConfigurationList;
			buildConfigurations = (
				BBA30D302A93972E0071BBAB /* Debug */,
				BBA30D312A93972E0071BBAB /* Release */,
			);
			defaultConfigurationIsVisible = 0;
			defaultConfigurationName = Release;
		};
		BBA30D322A93972E0071BBAB /* Build configuration list for PBXNativeTarget "TablePackageDemo" */ = {
			isa = XCConfigurationList;
			buildConfigurations = (
				BBA30D332A93972E0071BBAB /* Debug */,
				BBA30D342A93972E0071BBAB /* Release */,
			);
			defaultConfigurationIsVisible = 0;
			defaultConfigurationName = Release;
		};
/* End XCConfigurationList section */
	};
	rootObject = BBA30D162A93972D0071BBAB /* Project object */;
}
